
Microsoft Visual Studio Solution File, Format Version 12.00
# Visual Studio Version 17
VisualStudioVersion = 17.4.33122.133
MinimumVisualStudioVersion = 10.0.40219.1
Project("{9A19103F-16F7-4668-BE54-9A1E7A4F7556}") = "Neon.Web", "Neon.Web\Neon.Web.csproj", "{0676B310-AA1A-423C-BA2B-4B182A2BFC6A}"
EndProject
Global
	GlobalSection(SolutionConfigurationPlatforms) = preSolution
		Debug|Any CPU = Debug|Any CPU
		Release|Any CPU = Release|Any CPU
	EndGlobalSection
	GlobalSection(ProjectConfigurationPlatforms) = postSolution
		{0676B310-AA1A-423C-BA2B-4B182A2BFC6A}.Debug|Any CPU.ActiveCfg = Debug|Any CPU
		{0676B310-AA1A-423C-BA2B-4B182A2BFC6A}.Debug|Any CPU.Build.0 = Debug|Any CPU
		{0676B310-AA1A-423C-BA2B-4B182A2BFC6A}.Release|Any CPU.ActiveCfg = Release|Any CPU
		{0676B310-AA1A-423C-BA2B-4B182A2BFC6A}.Release|Any CPU.Build.0 = Release|Any CPU
	EndGlobalSection
	GlobalSection(SolutionProperties) = preSolution
		HideSolutionNode = FALSE
	EndGlobalSection
	GlobalSection(ExtensibilityGlobals) = postSolution
		SolutionGuid = {C2BB820E-982C-433A-8642-55CF2A1B8B60}
	EndGlobalSection
EndGlobal
